
Microsoft Visual Studio Solution File, Format Version 12.00
# Visual Studio Version 16
VisualStudioVersion = 16.0.30330.147
MinimumVisualStudioVersion = 10.0.40219.1
Project("{8BC9CEB8-8B4A-11D0-8D11-00A0C91BC942}") = "par_o_impar", "par_o_impar.vcxproj", "{72AC55FF-FC35-45EB-81F6-015C18AA942A}"
EndProject
Global
	GlobalSection(SolutionConfigurationPlatforms) = preSolution
		Debug|x64 = Debug|x64
		Debug|x86 = Debug|x86
		Release|x64 = Release|x64
		Release|x86 = Release|x86
	EndGlobalSection
	GlobalSection(ProjectConfigurationPlatforms) = postSolution
		{72AC55FF-FC35-45EB-81F6-015C18AA942A}.Debug|x64.ActiveCfg = Debug|x64
		{72AC55FF-FC35-45EB-81F6-015C18AA942A}.Debug|x64.Build.0 = Debug|x64
		{72AC55FF-FC35-45EB-81F6-015C18AA942A}.Debug|x86.ActiveCfg = Debug|Win32
		{72AC55FF-FC35-45EB-81F6-015C18AA942A}.Debug|x86.Build.0 = Debug|Win32
		{72AC55FF-FC35-45EB-81F6-015C18AA942A}.Release|x64.ActiveCfg = Release|x64
		{72AC55FF-FC35-45EB-81F6-015C18AA942A}.Release|x64.Build.0 = Release|x64
		{72AC55FF-FC35-45EB-81F6-015C18AA942A}.Release|x86.ActiveCfg = Release|Win32
		{72AC55FF-FC35-45EB-81F6-015C18AA942A}.Release|x86.Build.0 = Release|Win32
	EndGlobalSection
	GlobalSection(SolutionProperties) = preSolution
		HideSolutionNode = FALSE
	EndGlobalSection
	GlobalSection(ExtensibilityGlobals) = postSolution
		SolutionGuid = {7F53851E-9A49-42AD-B907-60D8F266F2DF}
	EndGlobalSection
EndGlobal
